
Microsoft Visual Studio Solution File, Format Version 12.00
# Visual Studio Version 16
VisualStudioVersion = 16.0.31009.304
MinimumVisualStudioVersion = 10.0.40219.1
Project("{FAE04EC0-301F-11D3-BF4B-00C04F79EFBC}") = "class_0609_1", "class_0609_1.csproj", "{99880B2F-761B-4564-8C41-392A8AD6F857}"
EndProject
Global
	GlobalSection(SolutionConfigurationPlatforms) = preSolution
		Debug|Any CPU = Debug|Any CPU
		Release|Any CPU = Release|Any CPU
	EndGlobalSection
	GlobalSection(ProjectConfigurationPlatforms) = postSolution
		{99880B2F-761B-4564-8C41-392A8AD6F857}.Debug|Any CPU.ActiveCfg = Debug|Any CPU
		{99880B2F-761B-4564-8C41-392A8AD6F857}.Debug|Any CPU.Build.0 = Debug|Any CPU
		{99880B2F-761B-4564-8C41-392A8AD6F857}.Release|Any CPU.ActiveCfg = Release|Any CPU
		{99880B2F-761B-4564-8C41-392A8AD6F857}.Release|Any CPU.Build.0 = Release|Any CPU
	EndGlobalSection
	GlobalSection(SolutionProperties) = preSolution
		HideSolutionNode = FALSE
	EndGlobalSection
	GlobalSection(ExtensibilityGlobals) = postSolution
		SolutionGuid = {EAA70606-AFF5-44CB-8555-0DBBD628DD02}
	EndGlobalSection
EndGlobal
